{
  "version": 4,
  "terraform_version": "1.3.7",
  "serial": 1,
  "lineage": "06247ba9-7c4a-fabf-3b6f-c4ffffa0e0e7",
  "outputs": {},
  "resources": [
    {
      "mode": "data",
      "type": "terraform_remote_state",
      "name": "vpc",
      "provider": "provider[\"terraform.io/builtin/terraform\"]",
      "instances": [
        {
          "schema_version": 0,
          "attributes": {
            "backend": "s3",
            "config": {
              "value": {
                "bucket": "berrybytes-sandbox-terraform-remote-states",
                "key": "us-west-2/vpc/terraform.tfstate",
                "region": "us-west-2"
              },
              "type": [
                "object",
                {
                  "bucket": "string",
                  "key": "string",
                  "region": "string"
                }
              ]
            },
            "defaults": {
              "value": {
                "private_subnets": [
                  "subnet-123456789"
                ],
                "vpc_id": "vpc-123456789"
              },
              "type": [
                "object",
                {
                  "private_subnets": [
                    "tuple",
                    [
                      "string"
                    ]
                  ],
                  "vpc_id": "string"
                }
              ]
            },
            "outputs": {
              "value": {
                "cgw_arns": [],
                "cgw_ids": [],
                "database_nat_gateway_route_ids": [],
                "database_route_table_association_ids": [],
                "database_route_table_ids": [
                  "rtb-034a9570a4a79a559",
                  "rtb-027d42d4859bed1dd"
                ],
                "database_subnet_arns": [],
                "database_subnets": [],
                "database_subnets_cidr_blocks": [],
                "database_subnets_ipv6_cidr_blocks": [],
                "default_network_acl_id": "acl-03433ce650c13a9fe",
                "default_route_table_id": "rtb-08a611f5e9fc8daca",
                "default_security_group_id": "sg-0f241bb798ea4b82f",
                "elasticache_route_table_association_ids": [],
                "elasticache_route_table_ids": [
                  "rtb-034a9570a4a79a559",
                  "rtb-027d42d4859bed1dd"
                ],
                "elasticache_subnet_arns": [],
                "elasticache_subnets": [],
                "elasticache_subnets_cidr_blocks": [],
                "elasticache_subnets_ipv6_cidr_blocks": [],
                "igw_arn": "arn:aws:ec2:us-west-2:773914189848:internet-gateway/igw-07659c6d69b0b6c5c",
                "igw_id": "igw-07659c6d69b0b6c5c",
                "intra_route_table_association_ids": [],
                "intra_route_table_ids": [],
                "intra_subnet_arns": [],
                "intra_subnets": [],
                "intra_subnets_cidr_blocks": [],
                "intra_subnets_ipv6_cidr_blocks": [],
                "nat_ids": [
                  "eipalloc-024aa8357b6bed19e",
                  "eipalloc-0ee0199a98fa3b647"
                ],
                "nat_public_ips": [
                  "100.21.192.32",
                  "52.37.184.169"
                ],
                "natgw_ids": [
                  "nat-04eaf598ab85c4730",
                  "nat-081a8a48d16abeda4"
                ],
                "outpost_subnet_arns": [],
                "outpost_subnets": [],
                "outpost_subnets_cidr_blocks": [],
                "outpost_subnets_ipv6_cidr_blocks": [],
                "private_ipv6_egress_route_ids": [],
                "private_nat_gateway_route_ids": [
                  "r-rtb-034a9570a4a79a5591080289494",
                  "r-rtb-027d42d4859bed1dd1080289494"
                ],
                "private_route_table_association_ids": [
                  "rtbassoc-0d0566248fcdc5810",
                  "rtbassoc-0a1899bbf20c7baf1"
                ],
                "private_route_table_ids": [
                  "rtb-034a9570a4a79a559",
                  "rtb-027d42d4859bed1dd"
                ],
                "private_subnet_arns": [
                  "arn:aws:ec2:us-west-2:773914189848:subnet/subnet-0f66227a875a0fb47",
                  "arn:aws:ec2:us-west-2:773914189848:subnet/subnet-09645b9a4d9264fe1"
                ],
                "private_subnets": [
                  "subnet-0f66227a875a0fb47",
                  "subnet-09645b9a4d9264fe1"
                ],
                "private_subnets_cidr_blocks": [
                  "10.0.1.0/24",
                  "10.0.2.0/24"
                ],
                "private_subnets_ipv6_cidr_blocks": [],
                "public_internet_gateway_route_id": "r-rtb-0aba24589ad78d4921080289494",
                "public_route_table_association_ids": [
                  "rtbassoc-0c5ce9fb57c4282a9",
                  "rtbassoc-0356e99cc4f1caaff"
                ],
                "public_route_table_ids": [
                  "rtb-0aba24589ad78d492"
                ],
                "public_subnet_arns": [
                  "arn:aws:ec2:us-west-2:773914189848:subnet/subnet-0e08de2616677cde2",
                  "arn:aws:ec2:us-west-2:773914189848:subnet/subnet-03ec5094adbdcfa39"
                ],
                "public_subnets": [
                  "subnet-0e08de2616677cde2",
                  "subnet-03ec5094adbdcfa39"
                ],
                "public_subnets_cidr_blocks": [
                  "10.0.11.0/24",
                  "10.0.12.0/24"
                ],
                "public_subnets_ipv6_cidr_blocks": [],
                "redshift_public_route_table_association_ids": [],
                "redshift_route_table_association_ids": [],
                "redshift_route_table_ids": [
                  "rtb-034a9570a4a79a559",
                  "rtb-027d42d4859bed1dd"
                ],
                "redshift_subnet_arns": [],
                "redshift_subnets": [],
                "redshift_subnets_cidr_blocks": [],
                "redshift_subnets_ipv6_cidr_blocks": [],
                "this_customer_gateway": {},
                "vpc_arn": "arn:aws:ec2:us-west-2:773914189848:vpc/vpc-04eb8fad3b13952f9",
                "vpc_cidr_block": "10.0.0.0/16",
                "vpc_enable_dns_hostnames": true,
                "vpc_enable_dns_support": true,
                "vpc_flow_log_cloudwatch_iam_role_arn": "",
                "vpc_flow_log_destination_arn": "",
                "vpc_flow_log_destination_type": "cloud-watch-logs",
                "vpc_id": "vpc-04eb8fad3b13952f9",
                "vpc_instance_tenancy": "default",
                "vpc_ipv6_association_id": "",
                "vpc_ipv6_cidr_block": "",
                "vpc_main_route_table_id": "rtb-08a611f5e9fc8daca",
                "vpc_owner_id": "773914189848",
                "vpc_secondary_cidr_blocks": []
              },
              "type": [
                "object",
                {
                  "cgw_arns": [
                    "tuple",
                    []
                  ],
                  "cgw_ids": [
                    "tuple",
                    []
                  ],
                  "database_nat_gateway_route_ids": [
                    "tuple",
                    []
                  ],
                  "database_route_table_association_ids": [
                    "tuple",
                    []
                  ],
                  "database_route_table_ids": [
                    "tuple",
                    [
                      "string",
                      "string"
                    ]
                  ],
                  "database_subnet_arns": [
                    "tuple",
                    []
                  ],
                  "database_subnets": [
                    "tuple",
                    []
                  ],
                  "database_subnets_cidr_blocks": [
                    "list",
                    "string"
                  ],
                  "database_subnets_ipv6_cidr_blocks": [
                    "list",
                    "string"
                  ],
                  "default_network_acl_id": "string",
                  "default_route_table_id": "string",
                  "default_security_group_id": "string",
                  "elasticache_route_table_association_ids": [
                    "tuple",
                    []
                  ],
                  "elasticache_route_table_ids": [
                    "tuple",
                    [
                      "string",
                      "string"
                    ]
                  ],
                  "elasticache_subnet_arns": [
                    "tuple",
                    []
                  ],
                  "elasticache_subnets": [
                    "tuple",
                    []
                  ],
                  "elasticache_subnets_cidr_blocks": [
                    "list",
                    "string"
                  ],
                  "elasticache_subnets_ipv6_cidr_blocks": [
                    "list",
                    "string"
                  ],
                  "igw_arn": "string",
                  "igw_id": "string",
                  "intra_route_table_association_ids": [
                    "tuple",
                    []
                  ],
                  "intra_route_table_ids": [
                    "tuple",
                    []
                  ],
                  "intra_subnet_arns": [
                    "tuple",
                    []
                  ],
                  "intra_subnets": [
                    "tuple",
                    []
                  ],
                  "intra_subnets_cidr_blocks": [
                    "list",
                    "string"
                  ],
                  "intra_subnets_ipv6_cidr_blocks": [
                    "list",
                    "string"
                  ],
                  "nat_ids": [
                    "tuple",
                    [
                      "string",
                      "string"
                    ]
                  ],
                  "nat_public_ips": [
                    "list",
                    "string"
                  ],
                  "natgw_ids": [
                    "tuple",
                    [
                      "string",
                      "string"
                    ]
                  ],
                  "outpost_subnet_arns": [
                    "tuple",
                    []
                  ],
                  "outpost_subnets": [
                    "tuple",
                    []
                  ],
                  "outpost_subnets_cidr_blocks": [
                    "list",
                    "string"
                  ],
                  "outpost_subnets_ipv6_cidr_blocks": [
                    "list",
                    "string"
                  ],
                  "private_ipv6_egress_route_ids": [
                    "tuple",
                    []
                  ],
                  "private_nat_gateway_route_ids": [
                    "tuple",
                    [
                      "string",
                      "string"
                    ]
                  ],
                  "private_route_table_association_ids": [
                    "tuple",
                    [
                      "string",
                      "string"
                    ]
                  ],
                  "private_route_table_ids": [
                    "tuple",
                    [
                      "string",
                      "string"
                    ]
                  ],
                  "private_subnet_arns": [
                    "tuple",
                    [
                      "string",
                      "string"
                    ]
                  ],
                  "private_subnets": [
                    "tuple",
                    [
                      "string",
                      "string"
                    ]
                  ],
                  "private_subnets_cidr_blocks": [
                    "list",
                    "string"
                  ],
                  "private_subnets_ipv6_cidr_blocks": [
                    "list",
                    "string"
                  ],
                  "public_internet_gateway_route_id": "string",
                  "public_route_table_association_ids": [
                    "tuple",
                    [
                      "string",
                      "string"
                    ]
                  ],
                  "public_route_table_ids": [
                    "tuple",
                    [
                      "string"
                    ]
                  ],
                  "public_subnet_arns": [
                    "tuple",
                    [
                      "string",
                      "string"
                    ]
                  ],
                  "public_subnets": [
                    "tuple",
                    [
                      "string",
                      "string"
                    ]
                  ],
                  "public_subnets_cidr_blocks": [
                    "list",
                    "string"
                  ],
                  "public_subnets_ipv6_cidr_blocks": [
                    "list",
                    "string"
                  ],
                  "redshift_public_route_table_association_ids": [
                    "tuple",
                    []
                  ],
                  "redshift_route_table_association_ids": [
                    "tuple",
                    []
                  ],
                  "redshift_route_table_ids": [
                    "list",
                    "string"
                  ],
                  "redshift_subnet_arns": [
                    "tuple",
                    []
                  ],
                  "redshift_subnets": [
                    "tuple",
                    []
                  ],
                  "redshift_subnets_cidr_blocks": [
                    "list",
                    "string"
                  ],
                  "redshift_subnets_ipv6_cidr_blocks": [
                    "list",
                    "string"
                  ],
                  "this_customer_gateway": [
                    "object",
                    {}
                  ],
                  "vpc_arn": "string",
                  "vpc_cidr_block": "string",
                  "vpc_enable_dns_hostnames": "bool",
                  "vpc_enable_dns_support": "bool",
                  "vpc_flow_log_cloudwatch_iam_role_arn": "string",
                  "vpc_flow_log_destination_arn": "string",
                  "vpc_flow_log_destination_type": "string",
                  "vpc_id": "string",
                  "vpc_instance_tenancy": "string",
                  "vpc_ipv6_association_id": "string",
                  "vpc_ipv6_cidr_block": "string",
                  "vpc_main_route_table_id": "string",
                  "vpc_owner_id": "string",
                  "vpc_secondary_cidr_blocks": [
                    "list",
                    "string"
                  ]
                }
              ]
            },
            "workspace": null
          },
          "sensitive_attributes": []
        }
      ]
    },
    {
      "module": "module.eks",
      "mode": "data",
      "type": "aws_caller_identity",
      "name": "current",
      "provider": "provider[\"registry.terraform.io/hashicorp/aws\"]",
      "instances": [
        {
          "schema_version": 0,
          "attributes": {
            "account_id": "773914189848",
            "arn": "arn:aws:sts::773914189848:assumed-role/AWSReservedSSO_AdministratorAccess_51be472ff322dafe/niba.tandukar",
            "id": "773914189848",
            "user_id": "AROA3IMHBMAMJLIQLHUZQ:niba.tandukar"
          },
          "sensitive_attributes": []
        }
      ]
    },
    {
      "module": "module.eks",
      "mode": "data",
      "type": "aws_iam_policy_document",
      "name": "assume_role_policy",
      "provider": "provider[\"registry.terraform.io/hashicorp/aws\"]",
      "instances": [
        {
          "index_key": 0,
          "schema_version": 0,
          "attributes": {
            "id": "2764486067",
            "json": "{\n  \"Version\": \"2012-10-17\",\n  \"Statement\": [\n    {\n      \"Sid\": \"EKSClusterAssumeRole\",\n      \"Effect\": \"Allow\",\n      \"Action\": \"sts:AssumeRole\",\n      \"Principal\": {\n        \"Service\": \"eks.amazonaws.com\"\n      }\n    }\n  ]\n}",
            "override_json": null,
            "override_policy_documents": null,
            "policy_id": null,
            "source_json": null,
            "source_policy_documents": null,
            "statement": [
              {
                "actions": [
                  "sts:AssumeRole"
                ],
                "condition": [],
                "effect": "Allow",
                "not_actions": [],
                "not_principals": [],
                "not_resources": [],
                "principals": [
                  {
                    "identifiers": [
                      "eks.amazonaws.com"
                    ],
                    "type": "Service"
                  }
                ],
                "resources": [],
                "sid": "EKSClusterAssumeRole"
              }
            ],
            "version": "2012-10-17"
          },
          "sensitive_attributes": []
        }
      ]
    },
    {
      "module": "module.eks",
      "mode": "data",
      "type": "aws_iam_session_context",
      "name": "current",
      "provider": "provider[\"registry.terraform.io/hashicorp/aws\"]",
      "instances": [
        {
          "schema_version": 0,
          "attributes": {
            "arn": "arn:aws:sts::773914189848:assumed-role/AWSReservedSSO_AdministratorAccess_51be472ff322dafe/niba.tandukar",
            "id": "arn:aws:sts::773914189848:assumed-role/AWSReservedSSO_AdministratorAccess_51be472ff322dafe/niba.tandukar",
            "issuer_arn": "arn:aws:iam::773914189848:role/aws-reserved/sso.amazonaws.com/ap-south-1/AWSReservedSSO_AdministratorAccess_51be472ff322dafe",
            "issuer_id": "AROA3IMHBMAMJLIQLHUZQ",
            "issuer_name": "AWSReservedSSO_AdministratorAccess_51be472ff322dafe",
            "session_name": "niba.tandukar"
          },
          "sensitive_attributes": []
        }
      ]
    },
    {
      "module": "module.eks",
      "mode": "data",
      "type": "aws_partition",
      "name": "current",
      "provider": "provider[\"registry.terraform.io/hashicorp/aws\"]",
      "instances": [
        {
          "schema_version": 0,
          "attributes": {
            "dns_suffix": "amazonaws.com",
            "id": "aws",
            "partition": "aws",
            "reverse_dns_prefix": "com.amazonaws"
          },
          "sensitive_attributes": []
        }
      ]
    },
    {
      "module": "module.eks",
      "mode": "managed",
      "type": "aws_cloudwatch_log_group",
      "name": "this",
      "provider": "provider[\"registry.terraform.io/hashicorp/aws\"]",
      "instances": [
        {
          "index_key": 0,
          "schema_version": 0,
          "attributes": {
            "arn": "arn:aws:logs:us-west-2:773914189848:log-group:/aws/eks/bb-eks/cluster",
            "id": "/aws/eks/bb-eks/cluster",
            "kms_key_id": "",
            "name": "/aws/eks/bb-eks/cluster",
            "name_prefix": "",
            "retention_in_days": 90,
            "skip_destroy": false,
            "tags": {
              "AutoTag_Creator": "arn:aws:sts::773914189848:assumed-role/AWSReservedSSO_AdministratorAccess_51be472ff322dafe/niba.tandukar",
              "Environment": "nonprod",
              "ImplementationDate": "2023-05-24T09:30:38Z",
              "Name": "/aws/eks/bb-eks/cluster",
              "Owner": "arn:aws:sts::773914189848:assumed-role/AWSReservedSSO_AdministratorAccess_51be472ff322dafe/niba.tandukar"
            },
            "tags_all": {
              "AutoTag_Creator": "arn:aws:sts::773914189848:assumed-role/AWSReservedSSO_AdministratorAccess_51be472ff322dafe/niba.tandukar",
              "Environment": "nonprod",
              "ImplementationDate": "2023-05-24T09:30:38Z",
              "Name": "/aws/eks/bb-eks/cluster",
              "Owner": "arn:aws:sts::773914189848:assumed-role/AWSReservedSSO_AdministratorAccess_51be472ff322dafe/niba.tandukar"
            }
          },
          "sensitive_attributes": [],
          "private": "bnVsbA==",
          "create_before_destroy": true
        }
      ]
    },
    {
      "module": "module.eks",
      "mode": "managed",
      "type": "aws_eks_cluster",
      "name": "this",
      "provider": "provider[\"registry.terraform.io/hashicorp/aws\"]",
      "instances": [
        {
          "index_key": 0,
          "schema_version": 0,
          "attributes": {
            "arn": "arn:aws:eks:us-west-2:773914189848:cluster/bb-eks",
            "certificate_authority": [
              {
                "data": "LS0tLS1CRUdJTiBDRVJUSUZJQ0FURS0tLS0tCk1JSUMvakNDQWVhZ0F3SUJBZ0lCQURBTkJna3Foa2lHOXcwQkFRc0ZBREFWTVJNd0VRWURWUVFERXdwcmRXSmwKY201bGRHVnpNQjRYRFRJek1EVXlOREE1TXpjd04xb1hEVE16TURVeU1UQTVNemN3TjFvd0ZURVRNQkVHQTFVRQpBeE1LYTNWaVpYSnVaWFJsY3pDQ0FTSXdEUVlKS29aSWh2Y05BUUVCQlFBRGdnRVBBRENDQVFvQ2dnRUJBTGtXCktBWkV0YUczZmRpLytFTFI1dGM3M1k0UVNiR2MyV0VzYktJaFBvRUZOejJrTHo0c2orVnpXay9IemttWDNISmUKSzRoelBSZmRYNGVCNnZwTnNlRTN1SUpxRDFrRG9YTUJ6OWprWE9pRjlFZlNvVkFMbFJROGdRZk5qSFVrTUJ4OApBNXNjajdQeDFIUlJ6eHFoK3ArQkJYTVVvOWdOOG1POVhpc0tsRlpLd0FrZ0J4bkg5MTBFQzdRczZacXZ0QzVOCkpmd1haa0FzTEZrVzVZdE5CSWJJaFZqTFB4Rkk4NW95NU9sQldOL1Z3T1pETjVjL3MvSTIweGFrbUtYNjMyNG8KMWNMeHRSaGhkWDBYZG9aZXZneC9UT0l5am5jWWZWQmNHVURNSjY1OGRwTmJsZTZ1cTdtSVc4MWxGSy9TVlVjSAo5aURIa01HL1FoOVd3SFhlSmFrQ0F3RUFBYU5aTUZjd0RnWURWUjBQQVFIL0JBUURBZ0trTUE4R0ExVWRFd0VCCi93UUZNQU1CQWY4d0hRWURWUjBPQkJZRUZMSWtTNUtDM3dUUTh1VzZuRlhNUVFMTlpIdUxNQlVHQTFVZEVRUU8KTUF5Q0NtdDFZbVZ5Ym1WMFpYTXdEUVlKS29aSWh2Y05BUUVMQlFBRGdnRUJBQ2VvQkw1ZS9pYUFqNVBwMHNUagptYnVLak5YdGxLeDFaY28vU00zbHFJcWZHY09wdSsrVmVRckd0UGhSa3gweFB3UUFnNWVPRmwwaEw4UjVUMndGCnB2eGx5NHdNaitCc0wxZWhjS2tmekFBbi9wZFk0STZHZGZPT1hpNEkyMEdhMlBTYVBPZGt1cmlPS2RZc1hIMnkKWTBPZjFham93TC82L29lVHEyY0g4dGpjUTRCNDlsdm9nOTNJck9wMTllSjEvWHdnZFpHU2V2UmRCdVQ3V3lsRApiRWRWZmt6T3JhdXZxRVZSODdiaFE4Q29ZWXVDNTBubEx3bGlhY0dtTUEyamovajl5WWxvWS9TeGdFcHkzcjYxCklud1VmYnpZYytZSzdSbHhNVjVwTTN2ei9uL016cXEwNHpzZVpHS0lSUS85czJ6M0tzK0xmeStyU3BQcjMxbkQKbFU4PQotLS0tLUVORCBDRVJUSUZJQ0FURS0tLS0tCg=="
              }
            ],
            "cluster_id": null,
            "created_at": "2023-05-24 09:31:06.22 +0000 UTC",
            "enabled_cluster_log_types": [
              "api",
              "audit",
              "authenticator"
            ],
            "encryption_config": [
              {
                "provider": [
                  {
                    "key_arn": "arn:aws:kms:us-west-2:773914189848:key/bfa02a19-b649-4e76-af8d-53ede85a48fa"
                  }
                ],
                "resources": [
                  "secrets"
                ]
              }
            ],
            "endpoint": "https://1F8494D92263BA868254EBF6B14BC083.gr7.us-west-2.eks.amazonaws.com",
            "id": "bb-eks",
            "identity": [
              {
                "oidc": [
                  {
                    "issuer": "https://oidc.eks.us-west-2.amazonaws.com/id/1F8494D92263BA868254EBF6B14BC083"
                  }
                ]
              }
            ],
            "kubernetes_network_config": [
              {
                "ip_family": "ipv4",
                "service_ipv4_cidr": "172.20.0.0/16",
                "service_ipv6_cidr": ""
              }
            ],
            "name": "bb-eks",
            "outpost_config": [],
            "platform_version": "eks.8",
            "role_arn": "arn:aws:iam::773914189848:role/bb-eks-cluster-20230524093036901400000004",
            "status": "ACTIVE",
            "tags": {},
            "tags_all": {},
            "timeouts": {
              "create": null,
              "delete": null,
              "update": null
            },
            "version": "1.23",
            "vpc_config": [
              {
                "cluster_security_group_id": "sg-04827b07b7812a5a5",
                "endpoint_private_access": true,
                "endpoint_public_access": true,
                "public_access_cidrs": [
                  "0.0.0.0/0"
                ],
                "security_group_ids": [
                  "sg-0d5f7e8eb752e834e"
                ],
                "subnet_ids": [
                  "subnet-09645b9a4d9264fe1",
                  "subnet-0f66227a875a0fb47"
                ],
                "vpc_id": "vpc-04eb8fad3b13952f9"
              }
            ]
          },
          "sensitive_attributes": [],
          "private": "eyJlMmJmYjczMC1lY2FhLTExZTYtOGY4OC0zNDM2M2JjN2M0YzAiOnsiY3JlYXRlIjoxODAwMDAwMDAwMDAwLCJkZWxldGUiOjkwMDAwMDAwMDAwMCwidXBkYXRlIjozNjAwMDAwMDAwMDAwfX0=",
          "dependencies": [
            "data.terraform_remote_state.vpc",
            "module.eks.aws_cloudwatch_log_group.this",
            "module.eks.aws_iam_policy.cni_ipv6_policy",
            "module.eks.aws_iam_role.this",
            "module.eks.aws_iam_role_policy_attachment.this",
            "module.eks.aws_security_group.cluster",
            "module.eks.aws_security_group.node",
            "module.eks.aws_security_group_rule.cluster",
            "module.eks.aws_security_group_rule.node",
            "module.eks.data.aws_caller_identity.current",
            "module.eks.data.aws_iam_policy_document.assume_role_policy",
            "module.eks.data.aws_iam_policy_document.cni_ipv6_policy",
            "module.eks.data.aws_iam_session_context.current",
            "module.eks.data.aws_partition.current",
            "module.eks.module.kms.aws_kms_external_key.this",
            "module.eks.module.kms.aws_kms_key.this",
            "module.eks.module.kms.data.aws_caller_identity.current",
            "module.eks.module.kms.data.aws_iam_policy_document.this",
            "module.eks.module.kms.data.aws_partition.current"
          ],
          "create_before_destroy": true
        }
      ]
    },
    {
      "module": "module.eks",
      "mode": "managed",
      "type": "aws_iam_role",
      "name": "this",
      "provider": "provider[\"registry.terraform.io/hashicorp/aws\"]",
      "instances": [
        {
          "index_key": 0,
          "schema_version": 0,
          "attributes": {
            "arn": "arn:aws:iam::773914189848:role/bb-eks-cluster-20230524093036901400000004",
            "assume_role_policy": "{\"Statement\":[{\"Action\":\"sts:AssumeRole\",\"Effect\":\"Allow\",\"Principal\":{\"Service\":\"eks.amazonaws.com\"},\"Sid\":\"EKSClusterAssumeRole\"}],\"Version\":\"2012-10-17\"}",
            "create_date": "2023-05-24T09:30:38Z",
            "description": "",
            "force_detach_policies": true,
            "id": "bb-eks-cluster-20230524093036901400000004",
            "inline_policy": [
              {
                "name": "bb-eks-cluster",
                "policy": "{\"Version\":\"2012-10-17\",\"Statement\":[{\"Action\":[\"logs:CreateLogGroup\"],\"Effect\":\"Deny\",\"Resource\":\"*\"}]}"
              }
            ],
            "managed_policy_arns": [
              "arn:aws:iam::773914189848:policy/bb-eks-cluster-ClusterEncryption2023052409310351810000000a",
              "arn:aws:iam::aws:policy/AmazonEKSClusterPolicy",
              "arn:aws:iam::aws:policy/AmazonEKSVPCResourceController"
            ],
            "max_session_duration": 3600,
            "name": "bb-eks-cluster-20230524093036901400000004",
            "name_prefix": "bb-eks-cluster-",
            "path": "/",
            "permissions_boundary": null,
            "role_last_used": [
              {
                "last_used_date": "",
                "region": ""
              }
            ],
            "tags": {
              "AutoTag_Creator": "arn:aws:sts::773914189848:assumed-role/AWSReservedSSO_AdministratorAccess_51be472ff322dafe/niba.tandukar",
              "Environment": "nonprod",
              "ImplementationDate": "2023-05-24T09:30:38Z",
              "Owner": "arn:aws:sts::773914189848:assumed-role/AWSReservedSSO_AdministratorAccess_51be472ff322dafe/niba.tandukar"
            },
            "tags_all": {
              "AutoTag_Creator": "arn:aws:sts::773914189848:assumed-role/AWSReservedSSO_AdministratorAccess_51be472ff322dafe/niba.tandukar",
              "Environment": "nonprod",
              "ImplementationDate": "2023-05-24T09:30:38Z",
              "Owner": "arn:aws:sts::773914189848:assumed-role/AWSReservedSSO_AdministratorAccess_51be472ff322dafe/niba.tandukar"
            },
            "unique_id": "AROA3IMHBMAMOW4DWFWNP"
          },
          "sensitive_attributes": [],
          "private": "bnVsbA==",
          "dependencies": [
            "module.eks.data.aws_iam_policy_document.assume_role_policy",
            "module.eks.data.aws_partition.current"
          ],
          "create_before_destroy": true
        }
      ]
    },
    {
      "module": "module.eks",
      "mode": "managed",
      "type": "aws_iam_role_policy_attachment",
      "name": "this",
      "provider": "provider[\"registry.terraform.io/hashicorp/aws\"]",
      "instances": [
        {
          "index_key": "AmazonEKSClusterPolicy",
          "schema_version": 0,
          "attributes": {
            "id": "bb-eks-cluster-20230524093036901400000004-20230524093041032400000009",
            "policy_arn": "arn:aws:iam::aws:policy/AmazonEKSClusterPolicy",
            "role": "bb-eks-cluster-20230524093036901400000004"
          },
          "sensitive_attributes": [],
          "private": "bnVsbA==",
          "dependencies": [
            "module.eks.aws_iam_role.this",
            "module.eks.data.aws_iam_policy_document.assume_role_policy",
            "module.eks.data.aws_partition.current"
          ],
          "create_before_destroy": true
        },
        {
          "index_key": "AmazonEKSVPCResourceController",
          "schema_version": 0,
          "attributes": {
            "id": "bb-eks-cluster-20230524093036901400000004-20230524093041013700000008",
            "policy_arn": "arn:aws:iam::aws:policy/AmazonEKSVPCResourceController",
            "role": "bb-eks-cluster-20230524093036901400000004"
          },
          "sensitive_attributes": [],
          "private": "bnVsbA==",
          "dependencies": [
            "module.eks.aws_iam_role.this",
            "module.eks.data.aws_iam_policy_document.assume_role_policy",
            "module.eks.data.aws_partition.current"
          ],
          "create_before_destroy": true
        }
      ]
    },
    {
      "module": "module.eks",
      "mode": "managed",
      "type": "aws_security_group",
      "name": "cluster",
      "provider": "provider[\"registry.terraform.io/hashicorp/aws\"]",
      "instances": [
        {
          "index_key": 0,
          "schema_version": 1,
          "attributes": {
            "arn": "arn:aws:ec2:us-west-2:773914189848:security-group/sg-0d5f7e8eb752e834e",
            "description": "EKS cluster security group",
            "egress": [],
            "id": "sg-0d5f7e8eb752e834e",
            "ingress": [
              {
                "cidr_blocks": [],
                "description": "Node groups to cluster API",
                "from_port": 443,
                "ipv6_cidr_blocks": [],
                "prefix_list_ids": [],
                "protocol": "tcp",
                "security_groups": [
                  "sg-0b5098b7f843a6a41"
                ],
                "self": false,
                "to_port": 443
              }
            ],
            "name": "bb-eks-cluster-20230524093036901000000003",
            "name_prefix": "bb-eks-cluster-",
            "owner_id": "773914189848",
            "revoke_rules_on_delete": false,
            "tags": {
              "AutoTag_Creator": "arn:aws:sts::773914189848:assumed-role/AWSReservedSSO_AdministratorAccess_51be472ff322dafe/niba.tandukar",
              "Environment": "nonprod",
              "ImplementationDate": "2023-05-24T09:30:38Z",
              "Name": "bb-eks-cluster",
              "Owner": "arn:aws:sts::773914189848:assumed-role/AWSReservedSSO_AdministratorAccess_51be472ff322dafe/niba.tandukar"
            },
            "tags_all": {
              "AutoTag_Creator": "arn:aws:sts::773914189848:assumed-role/AWSReservedSSO_AdministratorAccess_51be472ff322dafe/niba.tandukar",
              "Environment": "nonprod",
              "ImplementationDate": "2023-05-24T09:30:38Z",
              "Name": "bb-eks-cluster",
              "Owner": "arn:aws:sts::773914189848:assumed-role/AWSReservedSSO_AdministratorAccess_51be472ff322dafe/niba.tandukar"
            },
            "timeouts": null,
            "vpc_id": "vpc-04eb8fad3b13952f9"
          },
          "sensitive_attributes": [],
          "private": "eyJlMmJmYjczMC1lY2FhLTExZTYtOGY4OC0zNDM2M2JjN2M0YzAiOnsiY3JlYXRlIjo2MDAwMDAwMDAwMDAsImRlbGV0ZSI6OTAwMDAwMDAwMDAwfSwic2NoZW1hX3ZlcnNpb24iOiIxIn0=",
          "dependencies": [
            "data.terraform_remote_state.vpc"
          ],
          "create_before_destroy": true
        }
      ]
    },
    {
      "module": "module.eks",
      "mode": "managed",
      "type": "aws_security_group",
      "name": "node",
      "provider": "provider[\"registry.terraform.io/hashicorp/aws\"]",
      "instances": [
        {
          "index_key": 0,
          "schema_version": 1,
          "attributes": {
            "arn": "arn:aws:ec2:us-west-2:773914189848:security-group/sg-0b5098b7f843a6a41",
            "description": "EKS node shared security group",
            "egress": [
              {
                "cidr_blocks": [
                  "0.0.0.0/0"
                ],
                "description": "Allow all egress",
                "from_port": 0,
                "ipv6_cidr_blocks": [],
                "prefix_list_ids": [],
                "protocol": "-1",
                "security_groups": [],
                "self": false,
                "to_port": 0
              }
            ],
            "id": "sg-0b5098b7f843a6a41",
            "ingress": [
              {
                "cidr_blocks": [],
                "description": "Cluster API to node 4443/tcp webhook",
                "from_port": 4443,
                "ipv6_cidr_blocks": [],
                "prefix_list_ids": [],
                "protocol": "tcp",
                "security_groups": [
                  "sg-0d5f7e8eb752e834e"
                ],
                "self": false,
                "to_port": 4443
              },
              {
                "cidr_blocks": [],
                "description": "Cluster API to node 6443/tcp webhook",
                "from_port": 6443,
                "ipv6_cidr_blocks": [],
                "prefix_list_ids": [],
                "protocol": "tcp",
                "security_groups": [
                  "sg-0d5f7e8eb752e834e"
                ],
                "self": false,
                "to_port": 6443
              },
              {
                "cidr_blocks": [],
                "description": "Cluster API to node 8443/tcp webhook",
                "from_port": 8443,
                "ipv6_cidr_blocks": [],
                "prefix_list_ids": [],
                "protocol": "tcp",
                "security_groups": [
                  "sg-0d5f7e8eb752e834e"
                ],
                "self": false,
                "to_port": 8443
              },
              {
                "cidr_blocks": [],
                "description": "Cluster API to node 9443/tcp webhook",
                "from_port": 9443,
                "ipv6_cidr_blocks": [],
                "prefix_list_ids": [],
                "protocol": "tcp",
                "security_groups": [
                  "sg-0d5f7e8eb752e834e"
                ],
                "self": false,
                "to_port": 9443
              },
              {
                "cidr_blocks": [],
                "description": "Cluster API to node groups",
                "from_port": 443,
                "ipv6_cidr_blocks": [],
                "prefix_list_ids": [],
                "protocol": "tcp",
                "security_groups": [
                  "sg-0d5f7e8eb752e834e"
                ],
                "self": false,
                "to_port": 443
              },
              {
                "cidr_blocks": [],
                "description": "Cluster API to node kubelets",
                "from_port": 10250,
                "ipv6_cidr_blocks": [],
                "prefix_list_ids": [],
                "protocol": "tcp",
                "security_groups": [
                  "sg-0d5f7e8eb752e834e"
                ],
                "self": false,
                "to_port": 10250
              },
              {
                "cidr_blocks": [],
                "description": "Node to node CoreDNS UDP",
                "from_port": 53,
                "ipv6_cidr_blocks": [],
                "prefix_list_ids": [],
                "protocol": "udp",
                "security_groups": [],
                "self": true,
                "to_port": 53
              },
              {
                "cidr_blocks": [],
                "description": "Node to node CoreDNS",
                "from_port": 53,
                "ipv6_cidr_blocks": [],
                "prefix_list_ids": [],
                "protocol": "tcp",
                "security_groups": [],
                "self": true,
                "to_port": 53
              },
              {
                "cidr_blocks": [],
                "description": "Node to node ingress on ephemeral ports",
                "from_port": 1025,
                "ipv6_cidr_blocks": [],
                "prefix_list_ids": [],
                "protocol": "tcp",
                "security_groups": [],
                "self": true,
                "to_port": 65535
              }
            ],
            "name": "bb-eks-node-20230524093036900400000002",
            "name_prefix": "bb-eks-node-",
            "owner_id": "773914189848",
            "revoke_rules_on_delete": false,
            "tags": {
              "AutoTag_Creator": "arn:aws:sts::773914189848:assumed-role/AWSReservedSSO_AdministratorAccess_51be472ff322dafe/niba.tandukar",
              "Environment": "nonprod",
              "ImplementationDate": "2023-05-24T09:30:38Z",
              "Name": "bb-eks-node",
              "Owner": "arn:aws:sts::773914189848:assumed-role/AWSReservedSSO_AdministratorAccess_51be472ff322dafe/niba.tandukar",
              "kubernetes.io/cluster/bb-eks": "owned"
            },
            "tags_all": {
              "AutoTag_Creator": "arn:aws:sts::773914189848:assumed-role/AWSReservedSSO_AdministratorAccess_51be472ff322dafe/niba.tandukar",
              "Environment": "nonprod",
              "ImplementationDate": "2023-05-24T09:30:38Z",
              "Name": "bb-eks-node",
              "Owner": "arn:aws:sts::773914189848:assumed-role/AWSReservedSSO_AdministratorAccess_51be472ff322dafe/niba.tandukar",
              "kubernetes.io/cluster/bb-eks": "owned"
            },
            "timeouts": null,
            "vpc_id": "vpc-04eb8fad3b13952f9"
          },
          "sensitive_attributes": [],
          "private": "eyJlMmJmYjczMC1lY2FhLTExZTYtOGY4OC0zNDM2M2JjN2M0YzAiOnsiY3JlYXRlIjo2MDAwMDAwMDAwMDAsImRlbGV0ZSI6OTAwMDAwMDAwMDAwfSwic2NoZW1hX3ZlcnNpb24iOiIxIn0=",
          "dependencies": [
            "data.terraform_remote_state.vpc"
          ],
          "create_before_destroy": true
        }
      ]
    },
    {
      "module": "module.eks",
      "mode": "managed",
      "type": "aws_security_group_rule",
      "name": "cluster",
      "provider": "provider[\"registry.terraform.io/hashicorp/aws\"]",
      "instances": [
        {
          "index_key": "ingress_nodes_443",
          "schema_version": 2,
          "attributes": {
            "cidr_blocks": null,
            "description": "Node groups to cluster API",
            "from_port": 443,
            "id": "sgrule-3252870880",
            "ipv6_cidr_blocks": null,
            "prefix_list_ids": null,
            "protocol": "tcp",
            "security_group_id": "sg-0d5f7e8eb752e834e",
            "security_group_rule_id": "sgr-0dcd353561c7fdb70",
            "self": false,
            "source_security_group_id": "sg-0b5098b7f843a6a41",
            "timeouts": null,
            "to_port": 443,
            "type": "ingress"
          },
          "sensitive_attributes": [],
          "private": "eyJlMmJmYjczMC1lY2FhLTExZTYtOGY4OC0zNDM2M2JjN2M0YzAiOnsiY3JlYXRlIjozMDAwMDAwMDAwMDB9LCJzY2hlbWFfdmVyc2lvbiI6IjIifQ==",
          "dependencies": [
            "data.terraform_remote_state.vpc",
            "module.eks.aws_security_group.cluster",
            "module.eks.aws_security_group.node"
          ],
          "create_before_destroy": true
        }
      ]
    },
    {
      "module": "module.eks",
      "mode": "managed",
      "type": "aws_security_group_rule",
      "name": "node",
      "provider": "provider[\"registry.terraform.io/hashicorp/aws\"]",
      "instances": [
        {
          "index_key": "egress_all",
          "schema_version": 2,
          "attributes": {
            "cidr_blocks": [
              "0.0.0.0/0"
            ],
            "description": "Allow all egress",
            "from_port": 0,
            "id": "sgrule-849890042",
            "ipv6_cidr_blocks": null,
            "prefix_list_ids": [],
            "protocol": "-1",
            "security_group_id": "sg-0b5098b7f843a6a41",
            "security_group_rule_id": "sgr-0af8a41fdf7c1b7d8",
            "self": false,
            "source_security_group_id": null,
            "timeouts": null,
            "to_port": 0,
            "type": "egress"
          },
          "sensitive_attributes": [],
          "private": "eyJlMmJmYjczMC1lY2FhLTExZTYtOGY4OC0zNDM2M2JjN2M0YzAiOnsiY3JlYXRlIjozMDAwMDAwMDAwMDB9LCJzY2hlbWFfdmVyc2lvbiI6IjIifQ==",
          "dependencies": [
            "data.terraform_remote_state.vpc",
            "module.eks.aws_security_group.cluster",
            "module.eks.aws_security_group.node"
          ],
          "create_before_destroy": true
        },
        {
          "index_key": "ingress_cluster_443",
          "schema_version": 2,
          "attributes": {
            "cidr_blocks": null,
            "description": "Cluster API to node groups",
            "from_port": 443,
            "id": "sgrule-245492770",
            "ipv6_cidr_blocks": null,
            "prefix_list_ids": [],
            "protocol": "tcp",
            "security_group_id": "sg-0b5098b7f843a6a41",
            "security_group_rule_id": "sgr-0237708ab8bbe48cc",
            "self": false,
            "source_security_group_id": "sg-0d5f7e8eb752e834e",
            "timeouts": null,
            "to_port": 443,
            "type": "ingress"
          },
          "sensitive_attributes": [],
          "private": "eyJlMmJmYjczMC1lY2FhLTExZTYtOGY4OC0zNDM2M2JjN2M0YzAiOnsiY3JlYXRlIjozMDAwMDAwMDAwMDB9LCJzY2hlbWFfdmVyc2lvbiI6IjIifQ==",
          "dependencies": [
            "data.terraform_remote_state.vpc",
            "module.eks.aws_security_group.cluster",
            "module.eks.aws_security_group.node"
          ],
          "create_before_destroy": true
        },
        {
          "index_key": "ingress_cluster_4443_webhook",
          "schema_version": 2,
          "attributes": {
            "cidr_blocks": null,
            "description": "Cluster API to node 4443/tcp webhook",
            "from_port": 4443,
            "id": "sgrule-2685422986",
            "ipv6_cidr_blocks": null,
            "prefix_list_ids": [],
            "protocol": "tcp",
            "security_group_id": "sg-0b5098b7f843a6a41",
            "security_group_rule_id": "sgr-066a9424caa3ea9d8",
            "self": false,
            "source_security_group_id": "sg-0d5f7e8eb752e834e",
            "timeouts": null,
            "to_port": 4443,
            "type": "ingress"
          },
          "sensitive_attributes": [],
          "private": "eyJlMmJmYjczMC1lY2FhLTExZTYtOGY4OC0zNDM2M2JjN2M0YzAiOnsiY3JlYXRlIjozMDAwMDAwMDAwMDB9LCJzY2hlbWFfdmVyc2lvbiI6IjIifQ==",
          "dependencies": [
            "data.terraform_remote_state.vpc",
            "module.eks.aws_security_group.cluster",
            "module.eks.aws_security_group.node"
          ],
          "create_before_destroy": true
        },
        {
          "index_key": "ingress_cluster_6443_webhook",
          "schema_version": 2,
          "attributes": {
            "cidr_blocks": null,
            "description": "Cluster API to node 6443/tcp webhook",
            "from_port": 6443,
            "id": "sgrule-1766992412",
            "ipv6_cidr_blocks": null,
            "prefix_list_ids": [],
            "protocol": "tcp",
            "security_group_id": "sg-0b5098b7f843a6a41",
            "security_group_rule_id": "sgr-0ef4069b87b4c5ff8",
            "self": false,
            "source_security_group_id": "sg-0d5f7e8eb752e834e",
            "timeouts": null,
            "to_port": 6443,
            "type": "ingress"
          },
          "sensitive_attributes": [],
          "private": "eyJlMmJmYjczMC1lY2FhLTExZTYtOGY4OC0zNDM2M2JjN2M0YzAiOnsiY3JlYXRlIjozMDAwMDAwMDAwMDB9LCJzY2hlbWFfdmVyc2lvbiI6IjIifQ==",
          "dependencies": [
            "data.terraform_remote_state.vpc",
            "module.eks.aws_security_group.cluster",
            "module.eks.aws_security_group.node"
          ],
          "create_before_destroy": true
        },
        {
          "index_key": "ingress_cluster_8443_webhook",
          "schema_version": 2,
          "attributes": {
            "cidr_blocks": null,
            "description": "Cluster API to node 8443/tcp webhook",
            "from_port": 8443,
            "id": "sgrule-2047743549",
            "ipv6_cidr_blocks": null,
            "prefix_list_ids": [],
            "protocol": "tcp",
            "security_group_id": "sg-0b5098b7f843a6a41",
            "security_group_rule_id": "sgr-0b5f3654f149fa839",
            "self": false,
            "source_security_group_id": "sg-0d5f7e8eb752e834e",
            "timeouts": null,
            "to_port": 8443,
            "type": "ingress"
          },
          "sensitive_attributes": [],
          "private": "eyJlMmJmYjczMC1lY2FhLTExZTYtOGY4OC0zNDM2M2JjN2M0YzAiOnsiY3JlYXRlIjozMDAwMDAwMDAwMDB9LCJzY2hlbWFfdmVyc2lvbiI6IjIifQ==",
          "dependencies": [
            "data.terraform_remote_state.vpc",
            "module.eks.aws_security_group.cluster",
            "module.eks.aws_security_group.node"
          ],
          "create_before_destroy": true
        },
        {
          "index_key": "ingress_cluster_9443_webhook",
          "schema_version": 2,
          "attributes": {
            "cidr_blocks": null,
            "description": "Cluster API to node 9443/tcp webhook",
            "from_port": 9443,
            "id": "sgrule-514794998",
            "ipv6_cidr_blocks": null,
            "prefix_list_ids": [],
            "protocol": "tcp",
            "security_group_id": "sg-0b5098b7f843a6a41",
            "security_group_rule_id": "sgr-0e8ad5f8e0be299ac",
            "self": false,
            "source_security_group_id": "sg-0d5f7e8eb752e834e",
            "timeouts": null,
            "to_port": 9443,
            "type": "ingress"
          },
          "sensitive_attributes": [],
          "private": "eyJlMmJmYjczMC1lY2FhLTExZTYtOGY4OC0zNDM2M2JjN2M0YzAiOnsiY3JlYXRlIjozMDAwMDAwMDAwMDB9LCJzY2hlbWFfdmVyc2lvbiI6IjIifQ==",
          "dependencies": [
            "data.terraform_remote_state.vpc",
            "module.eks.aws_security_group.cluster",
            "module.eks.aws_security_group.node"
          ],
          "create_before_destroy": true
        },
        {
          "index_key": "ingress_cluster_kubelet",
          "schema_version": 2,
          "attributes": {
            "cidr_blocks": null,
            "description": "Cluster API to node kubelets",
            "from_port": 10250,
            "id": "sgrule-3698954538",
            "ipv6_cidr_blocks": null,
            "prefix_list_ids": [],
            "protocol": "tcp",
            "security_group_id": "sg-0b5098b7f843a6a41",
            "security_group_rule_id": "sgr-01a515edeeda66714",
            "self": false,
            "source_security_group_id": "sg-0d5f7e8eb752e834e",
            "timeouts": null,
            "to_port": 10250,
            "type": "ingress"
          },
          "sensitive_attributes": [],
          "private": "eyJlMmJmYjczMC1lY2FhLTExZTYtOGY4OC0zNDM2M2JjN2M0YzAiOnsiY3JlYXRlIjozMDAwMDAwMDAwMDB9LCJzY2hlbWFfdmVyc2lvbiI6IjIifQ==",
          "dependencies": [
            "data.terraform_remote_state.vpc",
            "module.eks.aws_security_group.cluster",
            "module.eks.aws_security_group.node"
          ],
          "create_before_destroy": true
        },
        {
          "index_key": "ingress_nodes_ephemeral",
          "schema_version": 2,
          "attributes": {
            "cidr_blocks": null,
            "description": "Node to node ingress on ephemeral ports",
            "from_port": 1025,
            "id": "sgrule-2222580987",
            "ipv6_cidr_blocks": null,
            "prefix_list_ids": [],
            "protocol": "tcp",
            "security_group_id": "sg-0b5098b7f843a6a41",
            "security_group_rule_id": "sgr-008b572176eb9ddc9",
            "self": true,
            "source_security_group_id": null,
            "timeouts": null,
            "to_port": 65535,
            "type": "ingress"
          },
          "sensitive_attributes": [],
          "private": "eyJlMmJmYjczMC1lY2FhLTExZTYtOGY4OC0zNDM2M2JjN2M0YzAiOnsiY3JlYXRlIjozMDAwMDAwMDAwMDB9LCJzY2hlbWFfdmVyc2lvbiI6IjIifQ==",
          "dependencies": [
            "data.terraform_remote_state.vpc",
            "module.eks.aws_security_group.cluster",
            "module.eks.aws_security_group.node"
          ],
          "create_before_destroy": true
        },
        {
          "index_key": "ingress_self_coredns_tcp",
          "schema_version": 2,
          "attributes": {
            "cidr_blocks": null,
            "description": "Node to node CoreDNS",
            "from_port": 53,
            "id": "sgrule-2584807282",
            "ipv6_cidr_blocks": null,
            "prefix_list_ids": [],
            "protocol": "tcp",
            "security_group_id": "sg-0b5098b7f843a6a41",
            "security_group_rule_id": "sgr-0edcb11828086648f",
            "self": true,
            "source_security_group_id": null,
            "timeouts": null,
            "to_port": 53,
            "type": "ingress"
          },
          "sensitive_attributes": [],
          "private": "eyJlMmJmYjczMC1lY2FhLTExZTYtOGY4OC0zNDM2M2JjN2M0YzAiOnsiY3JlYXRlIjozMDAwMDAwMDAwMDB9LCJzY2hlbWFfdmVyc2lvbiI6IjIifQ==",
          "dependencies": [
            "data.terraform_remote_state.vpc",
            "module.eks.aws_security_group.cluster",
            "module.eks.aws_security_group.node"
          ],
          "create_before_destroy": true
        },
        {
          "index_key": "ingress_self_coredns_udp",
          "schema_version": 2,
          "attributes": {
            "cidr_blocks": null,
            "description": "Node to node CoreDNS UDP",
            "from_port": 53,
            "id": "sgrule-1045341341",
            "ipv6_cidr_blocks": null,
            "prefix_list_ids": [],
            "protocol": "udp",
            "security_group_id": "sg-0b5098b7f843a6a41",
            "security_group_rule_id": "sgr-07aed6cfc319a5d76",
            "self": true,
            "source_security_group_id": null,
            "timeouts": null,
            "to_port": 53,
            "type": "ingress"
          },
          "sensitive_attributes": [],
          "private": "eyJlMmJmYjczMC1lY2FhLTExZTYtOGY4OC0zNDM2M2JjN2M0YzAiOnsiY3JlYXRlIjozMDAwMDAwMDAwMDB9LCJzY2hlbWFfdmVyc2lvbiI6IjIifQ==",
          "dependencies": [
            "data.terraform_remote_state.vpc",
            "module.eks.aws_security_group.cluster",
            "module.eks.aws_security_group.node"
          ],
          "create_before_destroy": true
        }
      ]
    },
    {
      "module": "module.eks",
      "mode": "managed",
      "type": "time_sleep",
      "name": "this",
      "provider": "provider[\"registry.terraform.io/hashicorp/time\"]",
      "instances": [
        {
          "index_key": 0,
          "schema_version": 0,
          "attributes": {
            "create_duration": "30s",
            "destroy_duration": null,
            "id": "2023-05-24T09:42:48Z",
            "triggers": {
              "cluster_certificate_authority_data": "LS0tLS1CRUdJTiBDRVJUSUZJQ0FURS0tLS0tCk1JSUMvakNDQWVhZ0F3SUJBZ0lCQURBTkJna3Foa2lHOXcwQkFRc0ZBREFWTVJNd0VRWURWUVFERXdwcmRXSmwKY201bGRHVnpNQjRYRFRJek1EVXlOREE1TXpjd04xb1hEVE16TURVeU1UQTVNemN3TjFvd0ZURVRNQkVHQTFVRQpBeE1LYTNWaVpYSnVaWFJsY3pDQ0FTSXdEUVlKS29aSWh2Y05BUUVCQlFBRGdnRVBBRENDQVFvQ2dnRUJBTGtXCktBWkV0YUczZmRpLytFTFI1dGM3M1k0UVNiR2MyV0VzYktJaFBvRUZOejJrTHo0c2orVnpXay9IemttWDNISmUKSzRoelBSZmRYNGVCNnZwTnNlRTN1SUpxRDFrRG9YTUJ6OWprWE9pRjlFZlNvVkFMbFJROGdRZk5qSFVrTUJ4OApBNXNjajdQeDFIUlJ6eHFoK3ArQkJYTVVvOWdOOG1POVhpc0tsRlpLd0FrZ0J4bkg5MTBFQzdRczZacXZ0QzVOCkpmd1haa0FzTEZrVzVZdE5CSWJJaFZqTFB4Rkk4NW95NU9sQldOL1Z3T1pETjVjL3MvSTIweGFrbUtYNjMyNG8KMWNMeHRSaGhkWDBYZG9aZXZneC9UT0l5am5jWWZWQmNHVURNSjY1OGRwTmJsZTZ1cTdtSVc4MWxGSy9TVlVjSAo5aURIa01HL1FoOVd3SFhlSmFrQ0F3RUFBYU5aTUZjd0RnWURWUjBQQVFIL0JBUURBZ0trTUE4R0ExVWRFd0VCCi93UUZNQU1CQWY4d0hRWURWUjBPQkJZRUZMSWtTNUtDM3dUUTh1VzZuRlhNUVFMTlpIdUxNQlVHQTFVZEVRUU8KTUF5Q0NtdDFZbVZ5Ym1WMFpYTXdEUVlKS29aSWh2Y05BUUVMQlFBRGdnRUJBQ2VvQkw1ZS9pYUFqNVBwMHNUagptYnVLak5YdGxLeDFaY28vU00zbHFJcWZHY09wdSsrVmVRckd0UGhSa3gweFB3UUFnNWVPRmwwaEw4UjVUMndGCnB2eGx5NHdNaitCc0wxZWhjS2tmekFBbi9wZFk0STZHZGZPT1hpNEkyMEdhMlBTYVBPZGt1cmlPS2RZc1hIMnkKWTBPZjFham93TC82L29lVHEyY0g4dGpjUTRCNDlsdm9nOTNJck9wMTllSjEvWHdnZFpHU2V2UmRCdVQ3V3lsRApiRWRWZmt6T3JhdXZxRVZSODdiaFE4Q29ZWXVDNTBubEx3bGlhY0dtTUEyamovajl5WWxvWS9TeGdFcHkzcjYxCklud1VmYnpZYytZSzdSbHhNVjVwTTN2ei9uL016cXEwNHpzZVpHS0lSUS85czJ6M0tzK0xmeStyU3BQcjMxbkQKbFU4PQotLS0tLUVORCBDRVJUSUZJQ0FURS0tLS0tCg==",
              "cluster_endpoint": "https://1F8494D92263BA868254EBF6B14BC083.gr7.us-west-2.eks.amazonaws.com",
              "cluster_name": "bb-eks",
              "cluster_version": "1.23"
            }
          },
          "sensitive_attributes": [],
          "dependencies": [
            "data.terraform_remote_state.vpc",
            "module.eks.aws_cloudwatch_log_group.this",
            "module.eks.aws_eks_cluster.this",
            "module.eks.aws_iam_policy.cni_ipv6_policy",
            "module.eks.aws_iam_role.this",
            "module.eks.aws_iam_role_policy_attachment.this",
            "module.eks.aws_security_group.cluster",
            "module.eks.aws_security_group.node",
            "module.eks.aws_security_group_rule.cluster",
            "module.eks.aws_security_group_rule.node",
            "module.eks.data.aws_caller_identity.current",
            "module.eks.data.aws_iam_policy_document.assume_role_policy",
            "module.eks.data.aws_iam_policy_document.cni_ipv6_policy",
            "module.eks.data.aws_iam_session_context.current",
            "module.eks.data.aws_partition.current",
            "module.eks.module.kms.aws_kms_external_key.this",
            "module.eks.module.kms.aws_kms_key.this",
            "module.eks.module.kms.data.aws_caller_identity.current",
            "module.eks.module.kms.data.aws_iam_policy_document.this",
            "module.eks.module.kms.data.aws_partition.current"
          ],
          "create_before_destroy": true
        }
      ]
    },
    {
      "module": "module.eks.module.eks_managed_node_group[\"mg_m5\"]",
      "mode": "data",
      "type": "aws_caller_identity",
      "name": "current",
      "provider": "provider[\"registry.terraform.io/hashicorp/aws\"]",
      "instances": [
        {
          "schema_version": 0,
          "attributes": {
            "account_id": "773914189848",
            "arn": "arn:aws:sts::773914189848:assumed-role/AWSReservedSSO_AdministratorAccess_51be472ff322dafe/niba.tandukar",
            "id": "773914189848",
            "user_id": "AROA3IMHBMAMJLIQLHUZQ:niba.tandukar"
          },
          "sensitive_attributes": []
        }
      ]
    },
    {
      "module": "module.eks.module.eks_managed_node_group[\"mg_m5\"]",
      "mode": "data",
      "type": "aws_iam_policy_document",
      "name": "assume_role_policy",
      "provider": "provider[\"registry.terraform.io/hashicorp/aws\"]",
      "instances": [
        {
          "index_key": 0,
          "schema_version": 0,
          "attributes": {
            "id": "2560088296",
            "json": "{\n  \"Version\": \"2012-10-17\",\n  \"Statement\": [\n    {\n      \"Sid\": \"EKSNodeAssumeRole\",\n      \"Effect\": \"Allow\",\n      \"Action\": \"sts:AssumeRole\",\n      \"Principal\": {\n        \"Service\": \"ec2.amazonaws.com\"\n      }\n    }\n  ]\n}",
            "override_json": null,
            "override_policy_documents": null,
            "policy_id": null,
            "source_json": null,
            "source_policy_documents": null,
            "statement": [
              {
                "actions": [
                  "sts:AssumeRole"
                ],
                "condition": [],
                "effect": "Allow",
                "not_actions": [],
                "not_principals": [],
                "not_resources": [],
                "principals": [
                  {
                    "identifiers": [
                      "ec2.amazonaws.com"
                    ],
                    "type": "Service"
                  }
                ],
                "resources": [],
                "sid": "EKSNodeAssumeRole"
              }
            ],
            "version": "2012-10-17"
          },
          "sensitive_attributes": []
        }
      ]
    },
    {
      "module": "module.eks.module.eks_managed_node_group[\"mg_m5\"]",
      "mode": "data",
      "type": "aws_partition",
      "name": "current",
      "provider": "provider[\"registry.terraform.io/hashicorp/aws\"]",
      "instances": [
        {
          "schema_version": 0,
          "attributes": {
            "dns_suffix": "amazonaws.com",
            "id": "aws",
            "partition": "aws",
            "reverse_dns_prefix": "com.amazonaws"
          },
          "sensitive_attributes": []
        }
      ]
    },
    {
      "module": "module.eks.module.eks_managed_node_group[\"mg_m5\"]",
      "mode": "managed",
      "type": "aws_eks_node_group",
      "name": "this",
      "provider": "provider[\"registry.terraform.io/hashicorp/aws\"]",
      "instances": [
        {
          "index_key": 0,
          "schema_version": 0,
          "attributes": {
            "ami_type": "AL2_x86_64",
            "arn": "arn:aws:eks:us-west-2:773914189848:nodegroup/bb-eks/mg_m5-2023052409425086010000000e/6ac42691-e4e4-cc34-5a7d-ad3f37b961e2",
            "capacity_type": "ON_DEMAND",
            "cluster_name": "bb-eks",
            "disk_size": 0,
            "force_update_version": null,
            "id": "bb-eks:mg_m5-2023052409425086010000000e",
            "instance_types": [
              "t3.medium"
            ],
            "labels": {},
            "launch_template": [
              {
                "id": "lt-06e04d59faf3f4376",
                "name": "mg_m5-2023052409424862540000000c",
                "version": "1"
              }
            ],
            "node_group_name": "mg_m5-2023052409425086010000000e",
            "node_group_name_prefix": "mg_m5-",
            "node_role_arn": "arn:aws:iam::773914189848:role/mg_m5-eks-node-group-20230524093036900400000001",
            "release_version": "1.23.17-20230513",
            "remote_access": [],
            "resources": [
              {
                "autoscaling_groups": [
                  {
                    "name": "eks-mg_m5-2023052409425086010000000e-6ac42691-e4e4-cc34-5a7d-ad3f37b961e2"
                  }
                ],
                "remote_access_security_group_id": ""
              }
            ],
            "scaling_config": [
              {
                "desired_size": 1,
                "max_size": 2,
                "min_size": 1
              }
            ],
            "status": "ACTIVE",
            "subnet_ids": [
              "subnet-09645b9a4d9264fe1",
              "subnet-0f66227a875a0fb47"
            ],
            "tags": {
              "Name": "mg_m5"
            },
            "tags_all": {
              "Name": "mg_m5"
            },
            "taint": [],
            "timeouts": {
              "create": null,
              "delete": null,
              "update": null
            },
            "update_config": [
              {
                "max_unavailable": 0,
                "max_unavailable_percentage": 33
              }
            ],
            "version": "1.23"
          },
          "sensitive_attributes": [],
          "private": "eyJlMmJmYjczMC1lY2FhLTExZTYtOGY4OC0zNDM2M2JjN2M0YzAiOnsiY3JlYXRlIjozNjAwMDAwMDAwMDAwLCJkZWxldGUiOjM2MDAwMDAwMDAwMDAsInVwZGF0ZSI6MzYwMDAwMDAwMDAwMH19",
          "dependencies": [
            "data.terraform_remote_state.vpc",
            "module.eks.aws_cloudwatch_log_group.this",
            "module.eks.aws_eks_cluster.this",
            "module.eks.aws_iam_policy.cni_ipv6_policy",
            "module.eks.aws_iam_role.this",
            "module.eks.aws_iam_role_policy_attachment.this",
            "module.eks.aws_security_group.cluster",
            "module.eks.aws_security_group.node",
            "module.eks.aws_security_group_rule.cluster",
            "module.eks.aws_security_group_rule.node",
            "module.eks.data.aws_caller_identity.current",
            "module.eks.data.aws_iam_policy_document.assume_role_policy",
            "module.eks.data.aws_iam_policy_document.cni_ipv6_policy",
            "module.eks.data.aws_iam_session_context.current",
            "module.eks.data.aws_partition.current",
            "module.eks.module.eks_managed_node_group.aws_iam_role.this",
            "module.eks.module.eks_managed_node_group.aws_iam_role_policy_attachment.this",
            "module.eks.module.eks_managed_node_group.aws_launch_template.this",
            "module.eks.module.eks_managed_node_group.data.aws_caller_identity.current",
            "module.eks.module.eks_managed_node_group.data.aws_iam_policy_document.assume_role_policy",
            "module.eks.module.eks_managed_node_group.data.aws_partition.current",
            "module.eks.module.eks_managed_node_group.module.user_data.data.cloudinit_config.linux_eks_managed_node_group",
            "module.eks.module.kms.aws_kms_external_key.this",
            "module.eks.module.kms.aws_kms_key.this",
            "module.eks.module.kms.data.aws_caller_identity.current",
            "module.eks.module.kms.data.aws_iam_policy_document.this",
            "module.eks.module.kms.data.aws_partition.current",
            "module.eks.time_sleep.this"
          ],
          "create_before_destroy": true
        }
      ]
    },
    {
      "module": "module.eks.module.eks_managed_node_group[\"mg_m5\"]",
      "mode": "managed",
      "type": "aws_iam_role",
      "name": "this",
      "provider": "provider[\"registry.terraform.io/hashicorp/aws\"]",
      "instances": [
        {
          "index_key": 0,
          "schema_version": 0,
          "attributes": {
            "arn": "arn:aws:iam::773914189848:role/mg_m5-eks-node-group-20230524093036900400000001",
            "assume_role_policy": "{\"Statement\":[{\"Action\":\"sts:AssumeRole\",\"Effect\":\"Allow\",\"Principal\":{\"Service\":\"ec2.amazonaws.com\"},\"Sid\":\"EKSNodeAssumeRole\"}],\"Version\":\"2012-10-17\"}",
            "create_date": "2023-05-24T09:30:38Z",
            "description": "EKS managed node group IAM role",
            "force_detach_policies": true,
            "id": "mg_m5-eks-node-group-20230524093036900400000001",
            "inline_policy": [],
            "managed_policy_arns": [
              "arn:aws:iam::aws:policy/AmazonEC2ContainerRegistryReadOnly",
              "arn:aws:iam::aws:policy/AmazonEKSWorkerNodePolicy",
              "arn:aws:iam::aws:policy/AmazonEKS_CNI_Policy"
            ],
            "max_session_duration": 3600,
            "name": "mg_m5-eks-node-group-20230524093036900400000001",
            "name_prefix": "mg_m5-eks-node-group-",
            "path": "/",
            "permissions_boundary": null,
            "role_last_used": [
              {
                "last_used_date": "",
                "region": ""
              }
            ],
            "tags": {
              "AutoTag_Creator": "arn:aws:sts::773914189848:assumed-role/AWSReservedSSO_AdministratorAccess_51be472ff322dafe/niba.tandukar",
              "Environment": "nonprod",
              "ImplementationDate": "2023-05-24T09:30:38Z",
              "Owner": "arn:aws:sts::773914189848:assumed-role/AWSReservedSSO_AdministratorAccess_51be472ff322dafe/niba.tandukar"
            },
            "tags_all": {
              "AutoTag_Creator": "arn:aws:sts::773914189848:assumed-role/AWSReservedSSO_AdministratorAccess_51be472ff322dafe/niba.tandukar",
              "Environment": "nonprod",
              "ImplementationDate": "2023-05-24T09:30:38Z",
              "Owner": "arn:aws:sts::773914189848:assumed-role/AWSReservedSSO_AdministratorAccess_51be472ff322dafe/niba.tandukar"
            },
            "unique_id": "AROA3IMHBMAMHPARIV44N"
          },
          "sensitive_attributes": [],
          "private": "bnVsbA==",
          "dependencies": [
            "module.eks.module.eks_managed_node_group.data.aws_iam_policy_document.assume_role_policy",
            "module.eks.module.eks_managed_node_group.data.aws_partition.current"
          ],
          "create_before_destroy": true
        }
      ]
    },
    {
      "module": "module.eks.module.eks_managed_node_group[\"mg_m5\"]",
      "mode": "managed",
      "type": "aws_iam_role_policy_attachment",
      "name": "this",
      "provider": "provider[\"registry.terraform.io/hashicorp/aws\"]",
      "instances": [
        {
          "index_key": "arn:aws:iam::aws:policy/AmazonEC2ContainerRegistryReadOnly",
          "schema_version": 0,
          "attributes": {
            "id": "mg_m5-eks-node-group-20230524093036900400000001-20230524093039917500000006",
            "policy_arn": "arn:aws:iam::aws:policy/AmazonEC2ContainerRegistryReadOnly",
            "role": "mg_m5-eks-node-group-20230524093036900400000001"
          },
          "sensitive_attributes": [],
          "private": "bnVsbA==",
          "dependencies": [
            "module.eks.module.eks_managed_node_group.aws_iam_role.this",
            "module.eks.module.eks_managed_node_group.data.aws_caller_identity.current",
            "module.eks.module.eks_managed_node_group.data.aws_iam_policy_document.assume_role_policy",
            "module.eks.module.eks_managed_node_group.data.aws_partition.current"
          ],
          "create_before_destroy": true
        },
        {
          "index_key": "arn:aws:iam::aws:policy/AmazonEKSWorkerNodePolicy",
          "schema_version": 0,
          "attributes": {
            "id": "mg_m5-eks-node-group-20230524093036900400000001-20230524093040013700000007",
            "policy_arn": "arn:aws:iam::aws:policy/AmazonEKSWorkerNodePolicy",
            "role": "mg_m5-eks-node-group-20230524093036900400000001"
          },
          "sensitive_attributes": [],
          "private": "bnVsbA==",
          "dependencies": [
            "module.eks.module.eks_managed_node_group.aws_iam_role.this",
            "module.eks.module.eks_managed_node_group.data.aws_caller_identity.current",
            "module.eks.module.eks_managed_node_group.data.aws_iam_policy_document.assume_role_policy",
            "module.eks.module.eks_managed_node_group.data.aws_partition.current"
          ],
          "create_before_destroy": true
        },
        {
          "index_key": "arn:aws:iam::aws:policy/AmazonEKS_CNI_Policy",
          "schema_version": 0,
          "attributes": {
            "id": "mg_m5-eks-node-group-20230524093036900400000001-20230524093039634500000005",
            "policy_arn": "arn:aws:iam::aws:policy/AmazonEKS_CNI_Policy",
            "role": "mg_m5-eks-node-group-20230524093036900400000001"
          },
          "sensitive_attributes": [],
          "private": "bnVsbA==",
          "dependencies": [
            "module.eks.module.eks_managed_node_group.aws_iam_role.this",
            "module.eks.module.eks_managed_node_group.data.aws_caller_identity.current",
            "module.eks.module.eks_managed_node_group.data.aws_iam_policy_document.assume_role_policy",
            "module.eks.module.eks_managed_node_group.data.aws_partition.current"
          ],
          "create_before_destroy": true
        }
      ]
    },
    {
      "module": "module.eks.module.eks_managed_node_group[\"mg_m5\"]",
      "mode": "managed",
      "type": "aws_launch_template",
      "name": "this",
      "provider": "provider[\"registry.terraform.io/hashicorp/aws\"]",
      "instances": [
        {
          "index_key": 0,
          "schema_version": 0,
          "attributes": {
            "arn": "arn:aws:ec2:us-west-2:773914189848:launch-template/lt-06e04d59faf3f4376",
            "block_device_mappings": [],
            "capacity_reservation_specification": [],
            "cpu_options": [],
            "credit_specification": [],
            "default_version": 1,
            "description": "Custom launch template for mg_m5 EKS managed node group",
            "disable_api_stop": false,
            "disable_api_termination": false,
            "ebs_optimized": "",
            "elastic_gpu_specifications": [],
            "elastic_inference_accelerator": [],
            "enclave_options": [],
            "hibernation_options": [],
            "iam_instance_profile": [],
            "id": "lt-06e04d59faf3f4376",
            "image_id": "",
            "instance_initiated_shutdown_behavior": "",
            "instance_market_options": [],
            "instance_requirements": [],
            "instance_type": "",
            "kernel_id": "",
            "key_name": "",
            "latest_version": 1,
            "license_specification": [],
            "maintenance_options": [],
            "metadata_options": [
              {
                "http_endpoint": "enabled",
                "http_protocol_ipv6": "disabled",
                "http_put_response_hop_limit": 2,
                "http_tokens": "required",
                "instance_metadata_tags": "disabled"
              }
            ],
            "monitoring": [
              {
                "enabled": true
              }
            ],
            "name": "mg_m5-2023052409424862540000000c",
            "name_prefix": "mg_m5-",
            "network_interfaces": [],
            "placement": [],
            "private_dns_name_options": [],
            "ram_disk_id": "",
            "security_group_names": [],
            "tag_specifications": [
              {
                "resource_type": "instance",
                "tags": {
                  "Name": "mg_m5"
                }
              },
              {
                "resource_type": "network-interface",
                "tags": {
                  "Name": "mg_m5"
                }
              },
              {
                "resource_type": "volume",
                "tags": {
                  "Name": "mg_m5"
                }
              }
            ],
            "tags": {},
            "tags_all": {},
            "update_default_version": true,
            "user_data": "",
            "vpc_security_group_ids": [
              "sg-0b5098b7f843a6a41"
            ]
          },
          "sensitive_attributes": [],
          "private": "bnVsbA==",
          "dependencies": [
            "data.terraform_remote_state.vpc",
            "module.eks.aws_cloudwatch_log_group.this",
            "module.eks.aws_eks_cluster.this",
            "module.eks.aws_iam_policy.cni_ipv6_policy",
            "module.eks.aws_iam_role.this",
            "module.eks.aws_iam_role_policy_attachment.this",
            "module.eks.aws_security_group.cluster",
            "module.eks.aws_security_group.node",
            "module.eks.aws_security_group_rule.cluster",
            "module.eks.aws_security_group_rule.node",
            "module.eks.data.aws_caller_identity.current",
            "module.eks.data.aws_iam_policy_document.assume_role_policy",
            "module.eks.data.aws_iam_policy_document.cni_ipv6_policy",
            "module.eks.data.aws_iam_session_context.current",
            "module.eks.data.aws_partition.current",
            "module.eks.module.eks_managed_node_group.aws_iam_role.this",
            "module.eks.module.eks_managed_node_group.aws_iam_role_policy_attachment.this",
            "module.eks.module.eks_managed_node_group.data.aws_caller_identity.current",
            "module.eks.module.eks_managed_node_group.data.aws_iam_policy_document.assume_role_policy",
            "module.eks.module.eks_managed_node_group.data.aws_partition.current",
            "module.eks.module.eks_managed_node_group.module.user_data.data.cloudinit_config.linux_eks_managed_node_group",
            "module.eks.module.kms.aws_kms_external_key.this",
            "module.eks.module.kms.aws_kms_key.this",
            "module.eks.module.kms.data.aws_caller_identity.current",
            "module.eks.module.kms.data.aws_iam_policy_document.this",
            "module.eks.module.kms.data.aws_partition.current",
            "module.eks.time_sleep.this"
          ],
          "create_before_destroy": true
        }
      ]
    },
    {
      "module": "module.eks.module.kms",
      "mode": "data",
      "type": "aws_caller_identity",
      "name": "current",
      "provider": "provider[\"registry.terraform.io/hashicorp/aws\"]",
      "instances": [
        {
          "schema_version": 0,
          "attributes": {
            "account_id": "773914189848",
            "arn": "arn:aws:sts::773914189848:assumed-role/AWSReservedSSO_AdministratorAccess_51be472ff322dafe/niba.tandukar",
            "id": "773914189848",
            "user_id": "AROA3IMHBMAMJLIQLHUZQ:niba.tandukar"
          },
          "sensitive_attributes": []
        }
      ]
    },
    {
      "module": "module.eks.module.kms",
      "mode": "data",
      "type": "aws_iam_policy_document",
      "name": "this",
      "provider": "provider[\"registry.terraform.io/hashicorp/aws\"]",
      "instances": [
        {
          "index_key": 0,
          "schema_version": 0,
          "attributes": {
            "id": "1285244567",
            "json": "{\n  \"Version\": \"2012-10-17\",\n  \"Statement\": [\n    {\n      \"Sid\": \"KeyAdministration\",\n      \"Effect\": \"Allow\",\n      \"Action\": [\n        \"kms:Update*\",\n        \"kms:UntagResource\",\n        \"kms:TagResource\",\n        \"kms:ScheduleKeyDeletion\",\n        \"kms:Revoke*\",\n        \"kms:Put*\",\n        \"kms:List*\",\n        \"kms:Get*\",\n        \"kms:Enable*\",\n        \"kms:Disable*\",\n        \"kms:Describe*\",\n        \"kms:Delete*\",\n        \"kms:Create*\",\n        \"kms:CancelKeyDeletion\"\n      ],\n      \"Resource\": \"*\",\n      \"Principal\": {\n        \"AWS\": \"arn:aws:iam::773914189848:role/aws-reserved/sso.amazonaws.com/ap-south-1/AWSReservedSSO_AdministratorAccess_51be472ff322dafe\"\n      }\n    },\n    {\n      \"Sid\": \"KeyUsage\",\n      \"Effect\": \"Allow\",\n      \"Action\": [\n        \"kms:ReEncrypt*\",\n        \"kms:GenerateDataKey*\",\n        \"kms:Encrypt\",\n        \"kms:DescribeKey\",\n        \"kms:Decrypt\"\n      ],\n      \"Resource\": \"*\",\n      \"Principal\": {\n        \"AWS\": \"arn:aws:iam::773914189848:role/bb-eks-cluster-20230524093036901400000004\"\n      }\n    }\n  ]\n}",
            "override_json": null,
            "override_policy_documents": null,
            "policy_id": null,
            "source_json": null,
            "source_policy_documents": null,
            "statement": [
              {
                "actions": [
                  "kms:CancelKeyDeletion",
                  "kms:Create*",
                  "kms:Delete*",
                  "kms:Describe*",
                  "kms:Disable*",
                  "kms:Enable*",
                  "kms:Get*",
                  "kms:List*",
                  "kms:Put*",
                  "kms:Revoke*",
                  "kms:ScheduleKeyDeletion",
                  "kms:TagResource",
                  "kms:UntagResource",
                  "kms:Update*"
                ],
                "condition": [],
                "effect": "Allow",
                "not_actions": [],
                "not_principals": [],
                "not_resources": [],
                "principals": [
                  {
                    "identifiers": [
                      "arn:aws:iam::773914189848:role/aws-reserved/sso.amazonaws.com/ap-south-1/AWSReservedSSO_AdministratorAccess_51be472ff322dafe"
                    ],
                    "type": "AWS"
                  }
                ],
                "resources": [
                  "*"
                ],
                "sid": "KeyAdministration"
              },
              {
                "actions": [
                  "kms:Decrypt",
                  "kms:DescribeKey",
                  "kms:Encrypt",
                  "kms:GenerateDataKey*",
                  "kms:ReEncrypt*"
                ],
                "condition": [],
                "effect": "Allow",
                "not_actions": [],
                "not_principals": [],
                "not_resources": [],
                "principals": [
                  {
                    "identifiers": [
                      "arn:aws:iam::773914189848:role/bb-eks-cluster-20230524093036901400000004"
                    ],
                    "type": "AWS"
                  }
                ],
                "resources": [
                  "*"
                ],
                "sid": "KeyUsage"
              }
            ],
            "version": "2012-10-17"
          },
          "sensitive_attributes": []
        }
      ]
    },
    {
      "module": "module.eks.module.kms",
      "mode": "data",
      "type": "aws_partition",
      "name": "current",
      "provider": "provider[\"registry.terraform.io/hashicorp/aws\"]",
      "instances": [
        {
          "schema_version": 0,
          "attributes": {
            "dns_suffix": "amazonaws.com",
            "id": "aws",
            "partition": "aws",
            "reverse_dns_prefix": "com.amazonaws"
          },
          "sensitive_attributes": []
        }
      ]
    },
    {
      "module": "module.eks.module.kms",
      "mode": "managed",
      "type": "aws_kms_key",
      "name": "this",
      "provider": "provider[\"registry.terraform.io/hashicorp/aws\"]",
      "instances": [
        {
          "index_key": 0,
          "schema_version": 0,
          "attributes": {
            "arn": "arn:aws:kms:us-west-2:773914189848:key/bfa02a19-b649-4e76-af8d-53ede85a48fa",
            "bypass_policy_lockout_safety_check": false,
            "custom_key_store_id": "",
            "customer_master_key_spec": "SYMMETRIC_DEFAULT",
            "deletion_window_in_days": null,
            "description": "bb-eks cluster encryption key",
            "enable_key_rotation": true,
            "id": "bfa02a19-b649-4e76-af8d-53ede85a48fa",
            "is_enabled": true,
            "key_id": "bfa02a19-b649-4e76-af8d-53ede85a48fa",
            "key_usage": "ENCRYPT_DECRYPT",
            "multi_region": false,
            "policy": "{\"Statement\":[{\"Action\":[\"kms:Update*\",\"kms:UntagResource\",\"kms:TagResource\",\"kms:ScheduleKeyDeletion\",\"kms:Revoke*\",\"kms:Put*\",\"kms:List*\",\"kms:Get*\",\"kms:Enable*\",\"kms:Disable*\",\"kms:Describe*\",\"kms:Delete*\",\"kms:Create*\",\"kms:CancelKeyDeletion\"],\"Effect\":\"Allow\",\"Principal\":{\"AWS\":\"arn:aws:iam::773914189848:role/aws-reserved/sso.amazonaws.com/ap-south-1/AWSReservedSSO_AdministratorAccess_51be472ff322dafe\"},\"Resource\":\"*\",\"Sid\":\"KeyAdministration\"},{\"Action\":[\"kms:ReEncrypt*\",\"kms:GenerateDataKey*\",\"kms:Encrypt\",\"kms:DescribeKey\",\"kms:Decrypt\"],\"Effect\":\"Allow\",\"Principal\":{\"AWS\":\"arn:aws:iam::773914189848:role/bb-eks-cluster-20230524093036901400000004\"},\"Resource\":\"*\",\"Sid\":\"KeyUsage\"}],\"Version\":\"2012-10-17\"}",
            "tags": {},
            "tags_all": {}
          },
          "sensitive_attributes": [],
          "private": "bnVsbA==",
          "dependencies": [
            "module.eks.aws_iam_role.this",
            "module.eks.data.aws_caller_identity.current",
            "module.eks.data.aws_iam_policy_document.assume_role_policy",
            "module.eks.data.aws_iam_session_context.current",
            "module.eks.data.aws_partition.current",
            "module.eks.module.kms.data.aws_caller_identity.current",
            "module.eks.module.kms.data.aws_iam_policy_document.this",
            "module.eks.module.kms.data.aws_partition.current"
          ],
          "create_before_destroy": true
        }
      ]
    }
  ],
  "check_results": null
}
